
Microsoft Visual Studio Solution File, Format Version 12.00
# Visual Studio Version 16
VisualStudioVersion = 16.0.29709.97
MinimumVisualStudioVersion = 10.0.40219.1
Project("{FAE04EC0-301F-11D3-BF4B-00C04F79EFBC}") = "ReplaceString", "ReplaceString.csproj", "{233DE44B-4EC1-475D-A7D6-16DA48D6FC8D}"
EndProject
Global
	GlobalSection(SolutionConfigurationPlatforms) = preSolution
		Debug|Any CPU = Debug|Any CPU
		Release|Any CPU = Release|Any CPU
	EndGlobalSection
	GlobalSection(ProjectConfigurationPlatforms) = postSolution
		{233DE44B-4EC1-475D-A7D6-16DA48D6FC8D}.Debug|Any CPU.ActiveCfg = Debug|Any CPU
		{233DE44B-4EC1-475D-A7D6-16DA48D6FC8D}.Debug|Any CPU.Build.0 = Debug|Any CPU
		{233DE44B-4EC1-475D-A7D6-16DA48D6FC8D}.Release|Any CPU.ActiveCfg = Release|Any CPU
		{233DE44B-4EC1-475D-A7D6-16DA48D6FC8D}.Release|Any CPU.Build.0 = Release|Any CPU
	EndGlobalSection
	GlobalSection(SolutionProperties) = preSolution
		HideSolutionNode = FALSE
	EndGlobalSection
	GlobalSection(ExtensibilityGlobals) = postSolution
		SolutionGuid = {CDD881B5-A3B1-4F62-997D-667B0D399106}
	EndGlobalSection
EndGlobal
